schema: '2.0'
stages:
  data_load:
    cmd: python -m src.stages.data_load --config=params.yaml
    deps:
    - path: src/stages/data_load.py
      md5: a6aa738183174c39025a57cc0b839908
      size: 2070
    params:
      params.yaml:
        base:
          random_state: 42
          log_level: INFO
          project_experiment_name: DEMO_EXPERIMENT
        data_load:
          dataset_csv: data/raw/iris.csv
          revision_on: false
          version: V1
          repo: C:/Users/dev410/OneDrive - DEVnet GmbH/Dokumente/MLOps
    outs:
    - path: data/raw/iris.csv
      md5: 4224576f0267bf88902f87f0f6200967
      size: 2908
  featurize:
    cmd: python -m src.stages.featurize --config=params.yaml
    deps:
    - path: data/raw/iris.csv
      md5: 4224576f0267bf88902f87f0f6200967
      size: 2908
    - path: src/stages/featurize.py
      md5: 6dfbb414cf9f361f23dd58edd56e33ff
      size: 1591
    params:
      params.yaml:
        base:
          random_state: 42
          log_level: INFO
          project_experiment_name: DEMO_EXPERIMENT
        data_load:
          dataset_csv: data/raw/iris.csv
          revision_on: false
          version: V1
          repo: C:/Users/dev410/OneDrive - DEVnet GmbH/Dokumente/MLOps
        featurize:
          features_path: data/processed/featured_iris.csv
          target_column: target
    outs:
    - path: data/processed/featured_iris.csv
      md5: 5d03a1564b3038fc35a842f8e4bde491
      size: 7411
  data_split:
    cmd: python -m src.stages.data_split --config=params.yaml
    deps:
    - path: data/processed/featured_iris.csv
      md5: 5d03a1564b3038fc35a842f8e4bde491
      size: 7411
    - path: src/stages/data_split.py
      md5: a54b34f01a1f1c6781637b39742c08d6
      size: 1557
    params:
      params.yaml:
        base:
          random_state: 42
          log_level: INFO
          project_experiment_name: DEMO_EXPERIMENT
        data_split:
          test_size: 0.2
          trainset_path: data/processed/train_iris.csv
          testset_path: data/processed/test_iris.csv
        featurize:
          features_path: data/processed/featured_iris.csv
          target_column: target
    outs:
    - path: data/processed/test_iris.csv
      md5: b5e45593a772fc66629488e1806505c4
      size: 1523
    - path: data/processed/train_iris.csv
      md5: ed8a7e5ba0a211251bdee6c498fe3eb4
      size: 5845
  train:
    cmd: python -m src.stages.train --config=params.yaml
    deps:
    - path: data/processed/train_iris.csv
      md5: ed8a7e5ba0a211251bdee6c498fe3eb4
      size: 5845
    - path: src/stages/train.py
      md5: 29d7c6e3ecfadbcccb904664ab8bdd69
      size: 2203
    params:
      params.yaml:
        base:
          random_state: 42
          log_level: INFO
          project_experiment_name: DEMO_EXPERIMENT
        data_split.trainset_path: data/processed/train_iris.csv
        featurize.target_column: target
        train:
          cv: 3
          estimator_name: logreg
          estimators:
            logreg:
              param_grid:
                C:
                - 0.001
                max_iter:
                - 100
                solver:
                - lbfgs
                multi_class:
                - multinomial
            svm:
              param_grid:
                C:
                - 0.1
                - 1.0
                kernel:
                - rbf
                - linear
                gamma:
                - scale
                degree:
                - 3
                - 5
          model_path: models/model.joblib
    outs:
    - path: models/model.joblib
      md5: e08661d4d0cf3ff424ca51ea1fb338cd
      size: 2668
  evaluate:
    cmd: python -m src.stages.evaluate --config=params.yaml
    deps:
    - path: data/processed/test_iris.csv
      md5: b5e45593a772fc66629488e1806505c4
      size: 1523
    - path: models/model.joblib
      md5: e08661d4d0cf3ff424ca51ea1fb338cd
      size: 2668
    - path: src/stages/evaluate.py
      md5: 27b5f8ed122a3c39b5268b98683c6600
      size: 2980
    params:
      params.yaml:
        base:
          random_state: 42
          log_level: INFO
          project_experiment_name: DEMO_EXPERIMENT
        data_split.testset_path: data/processed/test_iris.csv
        evaluate:
          reports_dir: reports
          metrics_file: metrics.json
          confusion_matrix_image: confusion_matrix.png
        featurize.target_column: target
    outs:
    - path: reports/confusion_matrix.png
      md5: 688c03cfa2e33407ca10db2f49e57769
      size: 24999
    - path: reports/metrics.json
      md5: d533847a0ca14ca93752b1b1f1df349e
      size: 32
